
Microsoft Visual Studio Solution File, Format Version 12.00
# Visual Studio Version 17
VisualStudioVersion = 17.11.35327.3
MinimumVisualStudioVersion = 10.0.40219.1
Project("{F184B08F-C81C-45F6-A57F-5ABD9991F28F}") = "BADERE - LabExe10", "BADERE - LabExe10\BADERE - LabExe10.vbproj", "{FBDCD94F-6E06-43C7-892F-4D29CD31E292}"
EndProject
Global
	GlobalSection(SolutionConfigurationPlatforms) = preSolution
		Debug|Any CPU = Debug|Any CPU
		Release|Any CPU = Release|Any CPU
	EndGlobalSection
	GlobalSection(ProjectConfigurationPlatforms) = postSolution
		{FBDCD94F-6E06-43C7-892F-4D29CD31E292}.Debug|Any CPU.ActiveCfg = Debug|Any CPU
		{FBDCD94F-6E06-43C7-892F-4D29CD31E292}.Debug|Any CPU.Build.0 = Debug|Any CPU
		{FBDCD94F-6E06-43C7-892F-4D29CD31E292}.Release|Any CPU.ActiveCfg = Release|Any CPU
		{FBDCD94F-6E06-43C7-892F-4D29CD31E292}.Release|Any CPU.Build.0 = Release|Any CPU
	EndGlobalSection
	GlobalSection(SolutionProperties) = preSolution
		HideSolutionNode = FALSE
	EndGlobalSection
	GlobalSection(ExtensibilityGlobals) = postSolution
		SolutionGuid = {96EE902C-E596-4CA1-8B57-0DADB1352978}
	EndGlobalSection
EndGlobal
